
Microsoft Visual Studio Solution File, Format Version 12.00
# Visual Studio 15
VisualStudioVersion = 15.0.28010.2048
MinimumVisualStudioVersion = 10.0.40219.1
Project("{FAE04EC0-301F-11D3-BF4B-00C04F79EFBC}") = "ExcelTestApp", "ExcelTestApp\ExcelTestApp.csproj", "{D4C949F5-9F4A-46AF-959F-DE5B565E5959}"
EndProject
Project("{FAE04EC0-301F-11D3-BF4B-00C04F79EFBC}") = "Access Test Project", "..\Access Test Project\Access Test Project\Access Test Project.csproj", "{4E13F68C-430A-4573-B019-5E76E1E3FA88}"
EndProject
Global
	GlobalSection(SolutionConfigurationPlatforms) = preSolution
		Debug|Any CPU = Debug|Any CPU
		Release|Any CPU = Release|Any CPU
	EndGlobalSection
	GlobalSection(ProjectConfigurationPlatforms) = postSolution
		{D4C949F5-9F4A-46AF-959F-DE5B565E5959}.Debug|Any CPU.ActiveCfg = Debug|Any CPU
		{D4C949F5-9F4A-46AF-959F-DE5B565E5959}.Debug|Any CPU.Build.0 = Debug|Any CPU
		{D4C949F5-9F4A-46AF-959F-DE5B565E5959}.Release|Any CPU.ActiveCfg = Release|Any CPU
		{D4C949F5-9F4A-46AF-959F-DE5B565E5959}.Release|Any CPU.Build.0 = Release|Any CPU
		{4E13F68C-430A-4573-B019-5E76E1E3FA88}.Debug|Any CPU.ActiveCfg = Debug|Any CPU
		{4E13F68C-430A-4573-B019-5E76E1E3FA88}.Debug|Any CPU.Build.0 = Debug|Any CPU
		{4E13F68C-430A-4573-B019-5E76E1E3FA88}.Release|Any CPU.ActiveCfg = Release|Any CPU
		{4E13F68C-430A-4573-B019-5E76E1E3FA88}.Release|Any CPU.Build.0 = Release|Any CPU
	EndGlobalSection
	GlobalSection(SolutionProperties) = preSolution
		HideSolutionNode = FALSE
	EndGlobalSection
	GlobalSection(ExtensibilityGlobals) = postSolution
		SolutionGuid = {2F9BF894-ED62-4894-A52E-C2EDD03822B8}
	EndGlobalSection
EndGlobal
